github.com/TriangleSide/GoTools v0.0.0-20241104220243-3b07422851e3 h1:12DsSWCMttIRZC3MTFcFjKTYp2VeO0DWMyYEJ0ZVpfo=
github.com/TriangleSide/GoTools v0.0.0-20241104220243-3b07422851e3/go.mod h1:AOtLAG3fgwFOxkMGj1PyIc2jvfRWtOIyVjee3Esm6a0=
github.com/dlclark/regexp2 v1.11.4 h1:rPYF9/LECdNymJufQKmri9gV604RvvABwgOA8un7yAo=
github.com/dlclark/regexp2 v1.11.4/go.mod h1:DHkYz0B9wPfa6wondMfaivmHpzrQ3v9q8cnmRbL6yW8=
github.com/mattn/go-sqlite3 v1.14.24 h1:tpSp2G2KyMnnQu99ngJ47EIkWVmliIizyZBfPrBWDRM=
github.com/mattn/go-sqlite3 v1.14.24/go.mod h1:Uh1q+B4BYcTPb+yiD3kU8Ct7aC0hY9fxUwlHK0RXw+Y=
github.com/sashabaranov/go-openai v1.32.2 h1:8z9PfYaLPbRzmJIYpwcWu6z3XU8F+RwVMF1QRSeSF2M=
github.com/sashabaranov/go-openai v1.32.2/go.mod h1:lj5b/K+zjTSFxVLijLSTDZuP7adOgerWeFyZLUhAKRg=
github.com/sashabaranov/go-openai v1.32.5 h1:/eNVa8KzlE7mJdKPZDj6886MUzZQjoVHyn0sLvIt5qA=
github.com/sashabaranov/go-openai v1.32.5/go.mod h1:lj5b/K+zjTSFxVLijLSTDZuP7adOgerWeFyZLUhAKRg=
github.com/tiktoken-go/tokenizer v0.2.0 h1:MqBlDeE5LRIEpapZk5s7COS9taGtRRIwM8bPxq13rI8=
github.com/tiktoken-go/tokenizer v0.2.0/go.mod h1:7SZW3pZUKWLJRilTvWCa86TOVIiiJhYj3FQ5V3alWcg=
